{
    "_readme": [
        "This file locks the dependencies of your project to a known state",
        "Read more about it at https://getcomposer.org/doc/01-basic-usage.md#composer-lock-the-lock-file",
        "This file is @generated automatically"
    ],
    "content-hash": "da60ce4d0ba181ae6b8a52fc1b9c95c2",
    "packages": [
        {
            "name": "zincphp/core",
            "version": "dev-master",
            "dist": {
                "type": "path",
                "url": "../core",
                "reference": "718d7c09d88e86c3135ee42387e1dd2f6db005ae",
                "shasum": null
            },
            "type": "library",
            "autoload": {
                "psr-4": {
                    "ZincPHP\\Core\\": "src"
                }
            },
            "description": "A package under development"
        }
    ],
    "packages-dev": [
        {
            "name": "cli/core",
            "version": "dev-master",
            "dist": {
                "type": "path",
                "url": "../cli",
                "reference": "514dfa7f3aedf5ed02f8b89a525d5b9c3e8d39f4",
                "shasum": null
            },
            "type": "library",
            "autoload": {
                "psr-4": {
                    "Cli\\Core\\": "src"
                }
            },
            "description": "A package under development"
        }
    ],
    "aliases": [],
    "minimum-stability": "stable",
    "stability-flags": {
        "zincphp/core": 20,
        "cli/core": 20
    },
    "prefer-stable": false,
    "prefer-lowest": false,
    "platform": [],
    "platform-dev": []
}
